
Microsoft Visual Studio Solution File, Format Version 12.00
# Visual Studio Version 17
VisualStudioVersion = 17.10.35013.160
MinimumVisualStudioVersion = 10.0.40219.1
Project("{FAE04EC0-301F-11D3-BF4B-00C04F79EFBC}") = "EverflowTest", "EverflowTest.csproj", "{9B7767A1-9105-456A-BC53-BE71876EBE6A}"
EndProject
Project("{FAE04EC0-301F-11D3-BF4B-00C04F79EFBC}") = "DAL", "DAL\DAL.csproj", "{45FA35DF-B193-4721-BDD3-14B1972BDFBE}"
EndProject
Global
	GlobalSection(SolutionConfigurationPlatforms) = preSolution
		Debug|Any CPU = Debug|Any CPU
		Release|Any CPU = Release|Any CPU
	EndGlobalSection
	GlobalSection(ProjectConfigurationPlatforms) = postSolution
		{9B7767A1-9105-456A-BC53-BE71876EBE6A}.Debug|Any CPU.ActiveCfg = Debug|Any CPU
		{9B7767A1-9105-456A-BC53-BE71876EBE6A}.Debug|Any CPU.Build.0 = Debug|Any CPU
		{9B7767A1-9105-456A-BC53-BE71876EBE6A}.Release|Any CPU.ActiveCfg = Release|Any CPU
		{9B7767A1-9105-456A-BC53-BE71876EBE6A}.Release|Any CPU.Build.0 = Release|Any CPU
		{45FA35DF-B193-4721-BDD3-14B1972BDFBE}.Debug|Any CPU.ActiveCfg = Debug|Any CPU
		{45FA35DF-B193-4721-BDD3-14B1972BDFBE}.Debug|Any CPU.Build.0 = Debug|Any CPU
		{45FA35DF-B193-4721-BDD3-14B1972BDFBE}.Release|Any CPU.ActiveCfg = Release|Any CPU
		{45FA35DF-B193-4721-BDD3-14B1972BDFBE}.Release|Any CPU.Build.0 = Release|Any CPU
	EndGlobalSection
	GlobalSection(SolutionProperties) = preSolution
		HideSolutionNode = FALSE
	EndGlobalSection
	GlobalSection(ExtensibilityGlobals) = postSolution
		SolutionGuid = {B16E524F-6585-4491-93E0-57FF2B51F7DF}
	EndGlobalSection
EndGlobal
